Microsoft Visual Studio Solution File, Format Version 12.00
# Visual Studio Version 17
VisualStudioVersion = 17.5.2.0
MinimumVisualStudioVersion = 10.0.40219.1
Project("{FAE04EC0-301F-11D3-BF4B-00C04F79EFBC}") = "Breezly", "Breezly.csproj", "{A926F678-5A68-A4DB-E2AD-1093FBEF579B}"
EndProject
Global
	GlobalSection(SolutionConfigurationPlatforms) = preSolution
		Debug|Any CPU = Debug|Any CPU
		Release|Any CPU = Release|Any CPU
	EndGlobalSection
	GlobalSection(ProjectConfigurationPlatforms) = postSolution
		{A926F678-5A68-A4DB-E2AD-1093FBEF579B}.Debug|Any CPU.ActiveCfg = Debug|Any CPU
		{A926F678-5A68-A4DB-E2AD-1093FBEF579B}.Debug|Any CPU.Build.0 = Debug|Any CPU
		{A926F678-5A68-A4DB-E2AD-1093FBEF579B}.Release|Any CPU.ActiveCfg = Release|Any CPU
		{A926F678-5A68-A4DB-E2AD-1093FBEF579B}.Release|Any CPU.Build.0 = Release|Any CPU
	EndGlobalSection
	GlobalSection(SolutionProperties) = preSolution
		HideSolutionNode = FALSE
	EndGlobalSection
	GlobalSection(ExtensibilityGlobals) = postSolution
		SolutionGuid = {09292ACA-A921-4598-9C94-55DA89B18481}
	EndGlobalSection
EndGlobal
